dependencies:
  idf:
    source:
      type: idf
    version: 6.0.1
  usb:
    dependencies: []
    source:
      path: components/esp_usb/host/usb
      type: local
    version: 1.4.0
direct_dependencies:
- espressif/usb
- idf
manifest_hash: 26aaa53f3161bfab6bd6e32964d04b5024af03eb7b495eefa451898f03ab1680
target: esp32s3
version: 3.0.0
