dependencies:
  idf:
    source:
      type: idf
    version: 6.0.1
  usb:
    dependencies: []
    source:
      path: components/esp_usb/host/usb
      type: local
    version: 1.4.0
direct_dependencies:
- espressif/usb
- idf
- usb
manifest_hash: 59e9322e62798f09da03cf91b71a7c48688121ee0c5f1ed283de7c92357d6681
target: esp32s3
version: 3.0.0
